<?xml version="1.0" encoding="utf-8"?>
<Project ToolsVersion="4.0" xmlns="http://schemas.microsoft.com/developer/msbuild/2003">
  <ItemGroup>
    <ClCompile Include="Device.cpp" />
    <ClCompile Include="Scene.cpp" />
    <ClCompile Include="Systems\Keyboard.cpp">
      <Filter>Systems</Filter>
    </ClCompile>
    <ClCompile Include="stdafx.cpp" />
  </ItemGroup>
  <ItemGroup>
    <ClInclude Include="Device.h" />
    <ClInclude Include="Systems\Keyboard.h">
      <Filter>Systems</Filter>
    </ClInclude>
    <ClInclude Include="stdafx.h" />
  </ItemGroup>
  <ItemGroup>
    <None Include="Effect.hlsl" />
  </ItemGroup>
  <ItemGroup>
    <Filter Include="Systems">
      <UniqueIdentifier>{f1456ea3-a0ad-45ca-9fcc-d9effb0077d4}</UniqueIdentifier>
    </Filter>
  </ItemGroup>
</Project>